{
  "name": "Password-Shield",
  "lockfileVersion": 3,
  "requires": true,
  "packages": {
    "": {
      "dependencies": {
        "react-cookie": "^7.1.4",
        "react-router-dom": "^6.23.1"
      }
    },
    "node_modules/@remix-run/router": {
      "version": "1.16.1",
      "resolved": "https://registry.npmjs.org/@remix-run/router/-/router-1.16.1.tgz",
      "integrity": "sha512-es2g3dq6Nb07iFxGk5GuHN20RwBZOsuDQN7izWIisUcv9r+d2C5jQxqmgkdebXgReWfiyUabcki6Fg77mSNrig==",
      "engines": {
        "node": ">=14.0.0"
      }
    },
    "node_modules/@types/cookie": {
      "version": "0.6.0",
      "resolved": "https://registry.npmjs.org/@types/cookie/-/cookie-0.6.0.tgz",
      "integrity": "sha512-4Kh9a6B2bQciAhf7FSuMRRkUWecJgJu9nPnx3yzpsfXX/c50REIqpHY4C82bXP90qrLtXtkDxTZosYO3UpOwlA=="
    },
    "node_modules/@types/hoist-non-react-statics": {
      "version": "3.3.5",
      "resolved": "https://registry.npmjs.org/@types/hoist-non-react-statics/-/hoist-non-react-statics-3.3.5.tgz",
      "integrity": "sha512-SbcrWzkKBw2cdwRTwQAswfpB9g9LJWfjtUeW/jvNwbhC8cpmmNYVePa+ncbUe0rGTQ7G3Ff6mYUN2VMfLVr+Sg==",
      "dependencies": {
        "@types/react": "*",
        "hoist-non-react-statics": "^3.3.0"
      }
    },
    "node_modules/@types/prop-types": {
      "version": "15.7.12",
      "resolved": "https://registry.npmjs.org/@types/prop-types/-/prop-types-15.7.12.tgz",
      "integrity": "sha512-5zvhXYtRNRluoE/jAp4GVsSduVUzNWKkOZrCDBWYtE7biZywwdC2AcEzg+cSMLFRfVgeAFqpfNabiPjxFddV1Q=="
    },
    "node_modules/@types/react": {
      "version": "18.3.3",
      "resolved": "https://registry.npmjs.org/@types/react/-/react-18.3.3.tgz",
      "integrity": "sha512-hti/R0pS0q1/xx+TsI73XIqk26eBsISZ2R0wUijXIngRK9R/e7Xw/cXVxQK7R5JjW+SV4zGcn5hXjudkN/pLIw==",
      "dependencies": {
        "@types/prop-types": "*",
        "csstype": "^3.0.2"
      }
    },
    "node_modules/cookie": {
      "version": "0.6.0",
      "resolved": "https://registry.npmjs.org/cookie/-/cookie-0.6.0.tgz",
      "integrity": "sha512-U71cyTamuh1CRNCfpGY6to28lxvNwPG4Guz/EVjgf3Jmzv0vlDp1atT9eS5dDjMYHucpHbWns6Lwf3BKz6svdw==",
      "engines": {
        "node": ">= 0.6"
      }
    },
    "node_modules/csstype": {
      "version": "3.1.3",
      "resolved": "https://registry.npmjs.org/csstype/-/csstype-3.1.3.tgz",
      "integrity": "sha512-M1uQkMl8rQK/szD0LNhtqxIPLpimGm8sOBwU7lLnCpSbTyY3yeU1Vc7l4KT5zT4s/yOxHH5O7tIuuLOCnLADRw=="
    },
    "node_modules/hoist-non-react-statics": {
      "version": "3.3.2",
      "resolved": "https://registry.npmjs.org/hoist-non-react-statics/-/hoist-non-react-statics-3.3.2.tgz",
      "integrity": "sha512-/gGivxi8JPKWNm/W0jSmzcMPpfpPLc3dY/6GxhX2hQ9iGj3aDfklV4ET7NjKpSinLpJ5vafa9iiGIEZg10SfBw==",
      "dependencies": {
        "react-is": "^16.7.0"
      }
    },
    "node_modules/js-tokens": {
      "version": "4.0.0",
      "resolved": "https://registry.npmjs.org/js-tokens/-/js-tokens-4.0.0.tgz",
      "integrity": "sha512-RdJUflcE3cUzKiMqQgsCu06FPu9UdIJO0beYbPhHN4k6apgJtifcoCtT9bcxOpYBtpD2kCM6Sbzg4CausW/PKQ==",
      "peer": true
    },
    "node_modules/loose-envify": {
      "version": "1.4.0",
      "resolved": "https://registry.npmjs.org/loose-envify/-/loose-envify-1.4.0.tgz",
      "integrity": "sha512-lyuxPGr/Wfhrlem2CL/UcnUc1zcqKAImBDzukY7Y5F/yQiNdko6+fRLevlw1HgMySw7f611UIY408EtxRSoK3Q==",
      "peer": true,
      "dependencies": {
        "js-tokens": "^3.0.0 || ^4.0.0"
      },
      "bin": {
        "loose-envify": "cli.js"
      }
    },
    "node_modules/react": {
      "version": "18.3.1",
      "resolved": "https://registry.npmjs.org/react/-/react-18.3.1.tgz",
      "integrity": "sha512-wS+hAgJShR0KhEvPJArfuPVN1+Hz1t0Y6n5jLrGQbkb4urgPE/0Rve+1kMB1v/oWgHgm4WIcV+i7F2pTVj+2iQ==",
      "peer": true,
      "dependencies": {
        "loose-envify": "^1.1.0"
      },
      "engines": {
        "node": ">=0.10.0"
      }
    },
    "node_modules/react-cookie": {
      "version": "7.1.4",
      "resolved": "https://registry.npmjs.org/react-cookie/-/react-cookie-7.1.4.tgz",
      "integrity": "sha512-wDxxa/HYaSXSMlyWJvJ5uZTzIVtQTPf1gMksFgwAz/2/W3lCtY8r4OChCXMPE7wax0PAdMY97UkNJedGv7KnDw==",
      "dependencies": {
        "@types/hoist-non-react-statics": "^3.3.5",
        "hoist-non-react-statics": "^3.3.2",
        "universal-cookie": "^7.0.0"
      },
      "peerDependencies": {
        "react": ">= 16.3.0"
      }
    },
    "node_modules/react-dom": {
      "version": "18.3.1",
      "resolved": "https://registry.npmjs.org/react-dom/-/react-dom-18.3.1.tgz",
      "integrity": "sha512-5m4nQKp+rZRb09LNH59GM4BxTh9251/ylbKIbpe7TpGxfJ+9kv6BLkLBXIjjspbgbnIBNqlI23tRnTWT0snUIw==",
      "peer": true,
      "dependencies": {
        "loose-envify": "^1.1.0",
        "scheduler": "^0.23.2"
      },
      "peerDependencies": {
        "react": "^18.3.1"
      }
    },
    "node_modules/react-is": {
      "version": "16.13.1",
      "resolved": "https://registry.npmjs.org/react-is/-/react-is-16.13.1.tgz",
      "integrity": "sha512-24e6ynE2H+OKt4kqsOvNd8kBpV65zoxbA4BVsEOB3ARVWQki/DHzaUoC5KuON/BiccDaCCTZBuOcfZs70kR8bQ=="
    },
    "node_modules/react-router": {
      "version": "6.23.1",
      "resolved": "https://registry.npmjs.org/react-router/-/react-router-6.23.1.tgz",
      "integrity": "sha512-fzcOaRF69uvqbbM7OhvQyBTFDVrrGlsFdS3AL+1KfIBtGETibHzi3FkoTRyiDJnWNc2VxrfvR+657ROHjaNjqQ==",
      "dependencies": {
        "@remix-run/router": "1.16.1"
      },
      "engines": {
        "node": ">=14.0.0"
      },
      "peerDependencies": {
        "react": ">=16.8"
      }
    },
    "node_modules/react-router-dom": {
      "version": "6.23.1",
      "resolved": "https://registry.npmjs.org/react-router-dom/-/react-router-dom-6.23.1.tgz",
      "integrity": "sha512-utP+K+aSTtEdbWpC+4gxhdlPFwuEfDKq8ZrPFU65bbRJY+l706qjR7yaidBpo3MSeA/fzwbXWbKBI6ftOnP3OQ==",
      "dependencies": {
        "@remix-run/router": "1.16.1",
        "react-router": "6.23.1"
      },
      "engines": {
        "node": ">=14.0.0"
      },
      "peerDependencies": {
        "react": ">=16.8",
        "react-dom": ">=16.8"
      }
    },
    "node_modules/scheduler": {
      "version": "0.23.2",
      "resolved": "https://registry.npmjs.org/scheduler/-/scheduler-0.23.2.tgz",
      "integrity": "sha512-UOShsPwz7NrMUqhR6t0hWjFduvOzbtv7toDH1/hIrfRNIDBnnBWd0CwJTGvTpngVlmwGCdP9/Zl/tVrDqcuYzQ==",
      "peer": true,
      "dependencies": {
        "loose-envify": "^1.1.0"
      }
    },
    "node_modules/universal-cookie": {
      "version": "7.1.4",
      "resolved": "https://registry.npmjs.org/universal-cookie/-/universal-cookie-7.1.4.tgz",
      "integrity": "sha512-Q+DVJsdykStWRMtXr2Pdj3EF98qZHUH/fXv/gwFz/unyToy1Ek1w5GsWt53Pf38tT8Gbcy5QNsj61Xe9TggP4g==",
      "dependencies": {
        "@types/cookie": "^0.6.0",
        "cookie": "^0.6.0"
      }
    }
  }
}
